// !$*UTF8*$!
{
	archiveVersion = 1;
	classes = {
	};
	objectVersion = 56;
	objects = {

/* Begin PBXBuildFile section */
		27A736E02B0421B4001100D6 /* AppDelegate.swift in Sources */ = {isa = PBXBuildFile; fileRef = 27A736DF2B0421B4001100D6 /* AppDelegate.swift */; };
		27A736E22B0421B4001100D6 /* SceneDelegate.swift in Sources */ = {isa = PBXBuildFile; fileRef = 27A736E12B0421B4001100D6 /* SceneDelegate.swift */; };
		27A736E42B0421B4001100D6 /* ViewController.swift in Sources */ = {isa = PBXBuildFile; fileRef = 27A736E32B0421B4001100D6 /* ViewController.swift */; };
		27A736E72B0421B4001100D6 /* Main.storyboard in Resources */ = {isa = PBXBuildFile; fileRef = 27A736E52B0421B4001100D6 /* Main.storyboard */; };
		27A736E92B0421B5001100D6 /* Assets.xcassets in Resources */ = {isa = PBXBuildFile; fileRef = 27A736E82B0421B5001100D6 /* Assets.xcassets */; };
		27A736EC2B0421B5001100D6 /* LaunchScreen.storyboard in Resources */ = {isa = PBXBuildFile; fileRef = 27A736EA2B0421B5001100D6 /* LaunchScreen.storyboard */; };
		27A736F72B0421B5001100D6 /* pruebaTests.swift in Sources */ = {isa = PBXBuildFile; fileRef = 27A736F62B0421B5001100D6 /* pruebaTests.swift */; };
		27A737012B0421B5001100D6 /* pruebaUITests.swift in Sources */ = {isa = PBXBuildFile; fileRef = 27A737002B0421B5001100D6 /* pruebaUITests.swift */; };
		27A737032B0421B5001100D6 /* pruebaUITestsLaunchTests.swift in Sources */ = {isa = PBXBuildFile; fileRef = 27A737022B0421B5001100D6 /* pruebaUITestsLaunchTests.swift */; };
/* End PBXBuildFile section */

/* Begin PBXContainerItemProxy section */
		27A736F32B0421B5001100D6 /* PBXContainerItemProxy */ = {
			isa = PBXContainerItemProxy;
			containerPortal = 27A736D42B0421B4001100D6 /* Project object */;
			proxyType = 1;
			remoteGlobalIDString = 27A736DB2B0421B4001100D6;
			remoteInfo = prueba;
		};
		27A736FD2B0421B5001100D6 /* PBXContainerItemProxy */ = {
			isa = PBXContainerItemProxy;
			containerPortal = 27A736D42B0421B4001100D6 /* Project object */;
			proxyType = 1;
			remoteGlobalIDString = 27A736DB2B0421B4001100D6;
			remoteInfo = prueba;
		};
/* End PBXContainerItemProxy section */

/* Begin PBXFileReference section */
		27A736DC2B0421B4001100D6 /* prueba.app */ = {isa = PBXFileReference; explicitFileType = wrapper.application; includeInIndex = 0; path = prueba.app; sourceTree = BUILT_PRODUCTS_DIR; };
		27A736DF2B0421B4001100D6 /* AppDelegate.swift */ = {isa = PBXFileReference; lastKnownFileType = sourcecode.swift; path = AppDelegate.swift; sourceTree = "<group>"; };
		27A736E12B0421B4001100D6 /* SceneDelegate.swift */ = {isa = PBXFileReference; lastKnownFileType = sourcecode.swift; path = SceneDelegate.swift; sourceTree = "<group>"; };
		27A736E32B0421B4001100D6 /* ViewController.swift */ = {isa = PBXFileReference; lastKnownFileType = sourcecode.swift; path = ViewController.swift; sourceTree = "<group>"; };
		27A736E62B0421B4001100D6 /* Base */ = {isa = PBXFileReference; lastKnownFileType = file.storyboard; name = Base; path = Base.lproj/Main.storyboard; sourceTree = "<group>"; };
		27A736E82B0421B5001100D6 /* Assets.xcassets */ = {isa = PBXFileReference; lastKnownFileType = folder.assetcatalog; path = Assets.xcassets; sourceTree = "<group>"; };
		27A736EB2B0421B5001100D6 /* Base */ = {isa = PBXFileReference; lastKnownFileType = file.storyboard; name = Base; path = Base.lproj/LaunchScreen.storyboard; sourceTree = "<group>"; };
		27A736ED2B0421B5001100D6 /* Info.plist */ = {isa = PBXFileReference; lastKnownFileType = text.plist.xml; path = Info.plist; sourceTree = "<group>"; };
		27A736F22B0421B5001100D6 /* pruebaTests.xctest */ = {isa = PBXFileReference; explicitFileType = wrapper.cfbundle; includeInIndex = 0; path = pruebaTests.xctest; sourceTree = BUILT_PRODUCTS_DIR; };
		27A736F62B0421B5001100D6 /* pruebaTests.swift */ = {isa = PBXFileReference; lastKnownFileType = sourcecode.swift; path = pruebaTests.swift; sourceTree = "<group>"; };
		27A736FC2B0421B5001100D6 /* pruebaUITests.xctest */ = {isa = PBXFileReference; explicitFileType = wrapper.cfbundle; includeInIndex = 0; path = pruebaUITests.xctest; sourceTree = BUILT_PRODUCTS_DIR; };
		27A737002B0421B5001100D6 /* pruebaUITests.swift */ = {isa = PBXFileReference; lastKnownFileType = sourcecode.swift; path = pruebaUITests.swift; sourceTree = "<group>"; };
		27A737022B0421B5001100D6 /* pruebaUITestsLaunchTests.swift */ = {isa = PBXFileReference; lastKnownFileType = sourcecode.swift; path = pruebaUITestsLaunchTests.swift; sourceTree = "<group>"; };
/* End PBXFileReference section */

/* Begin PBXFrameworksBuildPhase section */
		27A736D92B0421B4001100D6 /* Frameworks */ = {
			isa = PBXFrameworksBuildPhase;
			buildActionMask = 2147483647;
			files = (
			);
			runOnlyForDeploymentPostprocessing = 0;
		};
		27A736EF2B0421B5001100D6 /* Frameworks */ = {
			isa = PBXFrameworksBuildPhase;
			buildActionMask = 2147483647;
			files = (
			);
			runOnlyForDeploymentPostprocessing = 0;
		};
		27A736F92B0421B5001100D6 /* Frameworks */ = {
			isa = PBXFrameworksBuildPhase;
			buildActionMask = 2147483647;
			files = (
			);
			runOnlyForDeploymentPostprocessing = 0;
		};
/* End PBXFrameworksBuildPhase section */

/* Begin PBXGroup section */
		27A736D32B0421B4001100D6 = {
			isa = PBXGroup;
			children = (
				27A736DE2B0421B4001100D6 /* prueba */,
				27A736F52B0421B5001100D6 /* pruebaTests */,
				27A736FF2B0421B5001100D6 /* pruebaUITests */,
				27A736DD2B0421B4001100D6 /* Products */,
			);
			sourceTree = "<group>";
		};
		27A736DD2B0421B4001100D6 /* Products */ = {
			isa = PBXGroup;
			children = (
				27A736DC2B0421B4001100D6 /* prueba.app */,
				27A736F22B0421B5001100D6 /* pruebaTests.xctest */,
				27A736FC2B0421B5001100D6 /* pruebaUITests.xctest */,
			);
			name = Products;
			sourceTree = "<group>";
		};
		27A736DE2B0421B4001100D6 /* prueba */ = {
			isa = PBXGroup;
			children = (
				27A736DF2B0421B4001100D6 /* AppDelegate.swift */,
				27A736E12B0421B4001100D6 /* SceneDelegate.swift */,
				27A736E32B0421B4001100D6 /* ViewController.swift */,
				27A736E52B0421B4001100D6 /* Main.storyboard */,
				27A736E82B0421B5001100D6 /* Assets.xcassets */,
				27A736EA2B0421B5001100D6 /* LaunchScreen.storyboard */,
				27A736ED2B0421B5001100D6 /* Info.plist */,
			);
			path = prueba;
			sourceTree = "<group>";
		};
		27A736F52B0421B5001100D6 /* pruebaTests */ = {
			isa = PBXGroup;
			children = (
				27A736F62B0421B5001100D6 /* pruebaTests.swift */,
			);
			path = pruebaTests;
			sourceTree = "<group>";
		};
		27A736FF2B0421B5001100D6 /* pruebaUITests */ = {
			isa = PBXGroup;
			children = (
				27A737002B0421B5001100D6 /* pruebaUITests.swift */,
				27A737022B0421B5001100D6 /* pruebaUITestsLaunchTests.swift */,
			);
			path = pruebaUITests;
			sourceTree = "<group>";
		};
/* End PBXGroup section */

/* Begin PBXNativeTarget section */
		27A736DB2B0421B4001100D6 /* prueba */ = {
			isa = PBXNativeTarget;
			buildConfigurationList = 27A737062B0421B5001100D6 /* Build configuration list for PBXNativeTarget "prueba" */;
			buildPhases = (
				27A736D82B0421B4001100D6 /* Sources */,
				27A736D92B0421B4001100D6 /* Frameworks */,
				27A736DA2B0421B4001100D6 /* Resources */,
			);
			buildRules = (
			);
			dependencies = (
			);
			name = prueba;
			productName = prueba;
			productReference = 27A736DC2B0421B4001100D6 /* prueba.app */;
			productType = "com.apple.product-type.application";
		};
		27A736F12B0421B5001100D6 /* pruebaTests */ = {
			isa = PBXNativeTarget;
			buildConfigurationList = 27A737092B0421B5001100D6 /* Build configuration list for PBXNativeTarget "pruebaTests" */;
			buildPhases = (
				27A736EE2B0421B5001100D6 /* Sources */,
				27A736EF2B0421B5001100D6 /* Frameworks */,
				27A736F02B0421B5001100D6 /* Resources */,
			);
			buildRules = (
			);
			dependencies = (
				27A736F42B0421B5001100D6 /* PBXTargetDependency */,
			);
			name = pruebaTests;
			productName = pruebaTests;
			productReference = 27A736F22B0421B5001100D6 /* pruebaTests.xctest */;
			productType = "com.apple.product-type.bundle.unit-test";
		};
		27A736FB2B0421B5001100D6 /* pruebaUITests */ = {
			isa = PBXNativeTarget;
			buildConfigurationList = 27A7370C2B0421B5001100D6 /* Build configuration list for PBXNativeTarget "pruebaUITests" */;
			buildPhases = (
				27A736F82B0421B5001100D6 /* Sources */,
				27A736F92B0421B5001100D6 /* Frameworks */,
				27A736FA2B0421B5001100D6 /* Resources */,
			);
			buildRules = (
			);
			dependencies = (
				27A736FE2B0421B5001100D6 /* PBXTargetDependency */,
			);
			name = pruebaUITests;
			productName = pruebaUITests;
			productReference = 27A736FC2B0421B5001100D6 /* pruebaUITests.xctest */;
			productType = "com.apple.product-type.bundle.ui-testing";
		};
/* End PBXNativeTarget section */

/* Begin PBXProject section */
		27A736D42B0421B4001100D6 /* Project object */ = {
			isa = PBXProject;
			attributes = {
				BuildIndependentTargetsInParallel = 1;
				LastSwiftUpdateCheck = 1500;
				LastUpgradeCheck = 1500;
				TargetAttributes = {
					27A736DB2B0421B4001100D6 = {
						CreatedOnToolsVersion = 15.0.1;
					};
					27A736F12B0421B5001100D6 = {
						CreatedOnToolsVersion = 15.0.1;
						TestTargetID = 27A736DB2B0421B4001100D6;
					};
					27A736FB2B0421B5001100D6 = {
						CreatedOnToolsVersion = 15.0.1;
						TestTargetID = 27A736DB2B0421B4001100D6;
					};
				};
			};
			buildConfigurationList = 27A736D72B0421B4001100D6 /* Build configuration list for PBXProject "prueba" */;
			compatibilityVersion = "Xcode 14.0";
			developmentRegion = en;
			hasScannedForEncodings = 0;
			knownRegions = (
				en,
				Base,
			);
			mainGroup = 27A736D32B0421B4001100D6;
			productRefGroup = 27A736DD2B0421B4001100D6 /* Products */;
			projectDirPath = "";
			projectRoot = "";
			targets = (
				27A736DB2B0421B4001100D6 /* prueba */,
				27A736F12B0421B5001100D6 /* pruebaTests */,
				27A736FB2B0421B5001100D6 /* pruebaUITests */,
			);
		};
/* End PBXProject section */

/* Begin PBXResourcesBuildPhase section */
		27A736DA2B0421B4001100D6 /* Resources */ = {
			isa = PBXResourcesBuildPhase;
			buildActionMask = 2147483647;
			files = (
				27A736EC2B0421B5001100D6 /* LaunchScreen.storyboard in Resources */,
				27A736E92B0421B5001100D6 /* Assets.xcassets in Resources */,
				27A736E72B0421B4001100D6 /* Main.storyboard in Resources */,
			);
			runOnlyForDeploymentPostprocessing = 0;
		};
		27A736F02B0421B5001100D6 /* Resources */ = {
			isa = PBXResourcesBuildPhase;
			buildActionMask = 2147483647;
			files = (
			);
			runOnlyForDeploymentPostprocessing = 0;
		};
		27A736FA2B0421B5001100D6 /* Resources */ = {
			isa = PBXResourcesBuildPhase;
			buildActionMask = 2147483647;
			files = (
			);
			runOnlyForDeploymentPostprocessing = 0;
		};
/* End PBXResourcesBuildPhase section */

/* Begin PBXSourcesBuildPhase section */
		27A736D82B0421B4001100D6 /* Sources */ = {
			isa = PBXSourcesBuildPhase;
			buildActionMask = 2147483647;
			files = (
				27A736E42B0421B4001100D6 /* ViewController.swift in Sources */,
				27A736E02B0421B4001100D6 /* AppDelegate.swift in Sources */,
				27A736E22B0421B4001100D6 /* SceneDelegate.swift in Sources */,
			);
			runOnlyForDeploymentPostprocessing = 0;
		};
		27A736EE2B0421B5001100D6 /* Sources */ = {
			isa = PBXSourcesBuildPhase;
			buildActionMask = 2147483647;
			files = (
				27A736F72B0421B5001100D6 /* pruebaTests.swift in Sources */,
			);
			runOnlyForDeploymentPostprocessing = 0;
		};
		27A736F82B0421B5001100D6 /* Sources */ = {
			isa = PBXSourcesBuildPhase;
			buildActionMask = 2147483647;
			files = (
				27A737012B0421B5001100D6 /* pruebaUITests.swift in Sources */,
				27A737032B0421B5001100D6 /* pruebaUITestsLaunchTests.swift in Sources */,
			);
			runOnlyForDeploymentPostprocessing = 0;
		};
/* End PBXSourcesBuildPhase section */

/* Begin PBXTargetDependency section */
		27A736F42B0421B5001100D6 /* PBXTargetDependency */ = {
			isa = PBXTargetDependency;
			target = 27A736DB2B0421B4001100D6 /* prueba */;
			targetProxy = 27A736F32B0421B5001100D6 /* PBXContainerItemProxy */;
		};
		27A736FE2B0421B5001100D6 /* PBXTargetDependency */ = {
			isa = PBXTargetDependency;
			target = 27A736DB2B0421B4001100D6 /* prueba */;
			targetProxy = 27A736FD2B0421B5001100D6 /* PBXContainerItemProxy */;
		};
/* End PBXTargetDependency section */

/* Begin PBXVariantGroup section */
		27A736E52B0421B4001100D6 /* Main.storyboard */ = {
			isa = PBXVariantGroup;
			children = (
				27A736E62B0421B4001100D6 /* Base */,
			);
			name = Main.storyboard;
			sourceTree = "<group>";
		};
		27A736EA2B0421B5001100D6 /* LaunchScreen.storyboard */ = {
			isa = PBXVariantGroup;
			children = (
				27A736EB2B0421B5001100D6 /* Base */,
			);
			name = LaunchScreen.storyboard;
			sourceTree = "<group>";
		};
/* End PBXVariantGroup section */

/* Begin XCBuildConfiguration section */
		27A737042B0421B5001100D6 /* Debug */ = {
			isa = XCBuildConfiguration;
			buildSettings = {
				ALWAYS_SEARCH_USER_PATHS = NO;
				ASSETCATALOG_COMPILER_GENERATE_SWIFT_ASSET_SYMBOL_EXTENSIONS = YES;
				CLANG_ANALYZER_NONNULL = YES;
				CLANG_ANALYZER_NUMBER_OBJECT_CONVERSION = YES_AGGRESSIVE;
				CLANG_CXX_LANGUAGE_STANDARD = "gnu++20";
				CLANG_ENABLE_MODULES = YES;
				CLANG_ENABLE_OBJC_ARC = YES;
				CLANG_ENABLE_OBJC_WEAK = YES;
				CLANG_WARN_BLOCK_CAPTURE_AUTORELEASING = YES;
				CLANG_WARN_BOOL_CONVERSION = YES;
				CLANG_WARN_COMMA = YES;
				CLANG_WARN_CONSTANT_CONVERSION = YES;
				CLANG_WARN_DEPRECATED_OBJC_IMPLEMENTATIONS = YES;
				CLANG_WARN_DIRECT_OBJC_ISA_USAGE = YES_ERROR;
				CLANG_WARN_DOCUMENTATION_COMMENTS = YES;
				CLANG_WARN_EMPTY_BODY = YES;
				CLANG_WARN_ENUM_CONVERSION = YES;
				CLANG_WARN_INFINITE_RECURSION = YES;
				CLANG_WARN_INT_CONVERSION = YES;
				CLANG_WARN_NON_LITERAL_NULL_CONVERSION = YES;
				CLANG_WARN_OBJC_IMPLICIT_RETAIN_SELF = YES;
				CLANG_WARN_OBJC_LITERAL_CONVERSION = YES;
				CLANG_WARN_OBJC_ROOT_CLASS = YES_ERROR;
				CLANG_WARN_QUOTED_INCLUDE_IN_FRAMEWORK_HEADER = YES;
				CLANG_WARN_RANGE_LOOP_ANALYSIS = YES;
				CLANG_WARN_STRICT_PROTOTYPES = YES;
				CLANG_WARN_SUSPICIOUS_MOVE = YES;
				CLANG_WARN_UNGUARDED_AVAILABILITY = YES_AGGRESSIVE;
				CLANG_WARN_UNREACHABLE_CODE = YES;
				CLANG_WARN__DUPLICATE_METHOD_MATCH = YES;
				COPY_PHASE_STRIP = NO;
				DEBUG_INFORMATION_FORMAT = dwarf;
				ENABLE_STRICT_OBJC_MSGSEND = YES;
				ENABLE_TESTABILITY = YES;
				ENABLE_USER_SCRIPT_SANDBOXING = YES;
				GCC_C_LANGUAGE_STANDARD = gnu17;
				GCC_DYNAMIC_NO_PIC = NO;
				GCC_NO_COMMON_BLOCKS = YES;
				GCC_OPTIMIZATION_LEVEL = 0;
				GCC_PREPROCESSOR_DEFINITIONS = (
					"DEBUG=1",
					"$(inherited)",
				);
				GCC_WARN_64_TO_32_BIT_CONVERSION = YES;
				GCC_WARN_ABOUT_RETURN_TYPE = YES_ERROR;
				GCC_WARN_UNDECLARED_SELECTOR = YES;
				GCC_WARN_UNINITIALIZED_AUTOS = YES_AGGRESSIVE;
				GCC_WARN_UNUSED_FUNCTION = YES;
				GCC_WARN_UNUSED_VARIABLE = YES;
				IPHONEOS_DEPLOYMENT_TARGET = 17.0;
				LOCALIZATION_PREFERS_STRING_CATALOGS = YES;
				MTL_ENABLE_DEBUG_INFO = INCLUDE_SOURCE;
				MTL_FAST_MATH = YES;
				ONLY_ACTIVE_ARCH = YES;
				SDKROOT = iphoneos;
				SWIFT_ACTIVE_COMPILATION_CONDITIONS = "DEBUG $(inherited)";
				SWIFT_OPTIMIZATION_LEVEL = "-Onone";
			};
			name = Debug;
		};
		27A737052B0421B5001100D6 /* Release */ = {
			isa = XCBuildConfiguration;
			buildSettings = {
				ALWAYS_SEARCH_USER_PATHS = NO;
				ASSETCATALOG_COMPILER_GENERATE_SWIFT_ASSET_SYMBOL_EXTENSIONS = YES;
				CLANG_ANALYZER_NONNULL = YES;
				CLANG_ANALYZER_NUMBER_OBJECT_CONVERSION = YES_AGGRESSIVE;
				CLANG_CXX_LANGUAGE_STANDARD = "gnu++20";
				CLANG_ENABLE_MODULES = YES;
				CLANG_ENABLE_OBJC_ARC = YES;
				CLANG_ENABLE_OBJC_WEAK = YES;
				CLANG_WARN_BLOCK_CAPTURE_AUTORELEASING = YES;
				CLANG_WARN_BOOL_CONVERSION = YES;
				CLANG_WARN_COMMA = YES;
				CLANG_WARN_CONSTANT_CONVERSION = YES;
				CLANG_WARN_DEPRECATED_OBJC_IMPLEMENTATIONS = YES;
				CLANG_WARN_DIRECT_OBJC_ISA_USAGE = YES_ERROR;
				CLANG_WARN_DOCUMENTATION_COMMENTS = YES;
				CLANG_WARN_EMPTY_BODY = YES;
				CLANG_WARN_ENUM_CONVERSION = YES;
				CLANG_WARN_INFINITE_RECURSION = YES;
				CLANG_WARN_INT_CONVERSION = YES;
				CLANG_WARN_NON_LITERAL_NULL_CONVERSION = YES;
				CLANG_WARN_OBJC_IMPLICIT_RETAIN_SELF = YES;
				CLANG_WARN_OBJC_LITERAL_CONVERSION = YES;
				CLANG_WARN_OBJC_ROOT_CLASS = YES_ERROR;
				CLANG_WARN_QUOTED_INCLUDE_IN_FRAMEWORK_HEADER = YES;
				CLANG_WARN_RANGE_LOOP_ANALYSIS = YES;
				CLANG_WARN_STRICT_PROTOTYPES = YES;
				CLANG_WARN_SUSPICIOUS_MOVE = YES;
				CLANG_WARN_UNGUARDED_AVAILABILITY = YES_AGGRESSIVE;
				CLANG_WARN_UNREACHABLE_CODE = YES;
				CLANG_WARN__DUPLICATE_METHOD_MATCH = YES;
				COPY_PHASE_STRIP = NO;
				DEBUG_INFORMATION_FORMAT = "dwarf-with-dsym";
				ENABLE_NS_ASSERTIONS = NO;
				ENABLE_STRICT_OBJC_MSGSEND = YES;
				ENABLE_USER_SCRIPT_SANDBOXING = YES;
				GCC_C_LANGUAGE_STANDARD = gnu17;
				GCC_NO_COMMON_BLOCKS = YES;
				GCC_WARN_64_TO_32_BIT_CONVERSION = YES;
				GCC_WARN_ABOUT_RETURN_TYPE = YES_ERROR;
				GCC_WARN_UNDECLARED_SELECTOR = YES;
				GCC_WARN_UNINITIALIZED_AUTOS = YES_AGGRESSIVE;
				GCC_WARN_UNUSED_FUNCTION = YES;
				GCC_WARN_UNUSED_VARIABLE = YES;
				IPHONEOS_DEPLOYMENT_TARGET = 17.0;
				LOCALIZATION_PREFERS_STRING_CATALOGS = YES;
				MTL_ENABLE_DEBUG_INFO = NO;
				MTL_FAST_MATH = YES;
				SDKROOT = iphoneos;
				SWIFT_COMPILATION_MODE = wholemodule;
				VALIDATE_PRODUCT = YES;
			};
			name = Release;
		};
		27A737072B0421B5001100D6 /* Debug */ = {
			isa = XCBuildConfiguration;
			buildSettings = {
				ASSETCATALOG_COMPILER_APPICON_NAME = AppIcon;
				ASSETCATALOG_COMPILER_GLOBAL_ACCENT_COLOR_NAME = AccentColor;
				CODE_SIGN_STYLE = Automatic;
				CURRENT_PROJECT_VERSION = 1;
				DEVELOPMENT_TEAM = 8V47RUXQSV;
				GENERATE_INFOPLIST_FILE = YES;
				INFOPLIST_FILE = prueba/Info.plist;
				INFOPLIST_KEY_UIApplicationSupportsIndirectInputEvents = YES;
				INFOPLIST_KEY_UILaunchStoryboardName = LaunchScreen;
				INFOPLIST_KEY_UIMainStoryboardFile = Main;
				INFOPLIST_KEY_UISupportedInterfaceOrientations_iPad = "UIInterfaceOrientationPortrait UIInterfaceOrientationPortraitUpsideDown UIInterfaceOrientationLandscapeLeft UIInterfaceOrientationLandscapeRight";
				INFOPLIST_KEY_UISupportedInterfaceOrientations_iPhone = "UIInterfaceOrientationPortrait UIInterfaceOrientationLandscapeLeft UIInterfaceOrientationLandscapeRight";
				LD_RUNPATH_SEARCH_PATHS = (
					"$(inherited)",
					"@executable_path/Frameworks",
				);
				MARKETING_VERSION = 1.0;
				PRODUCT_BUNDLE_IDENTIFIER = com.rtovarta.prueba;
				PRODUCT_NAME = "$(TARGET_NAME)";
				SWIFT_EMIT_LOC_STRINGS = YES;
				SWIFT_VERSION = 5.0;
				TARGETED_DEVICE_FAMILY = "1,2";
			};
			name = Debug;
		};
		27A737082B0421B5001100D6 /* Release */ = {
			isa = XCBuildConfiguration;
			buildSettings = {
				ASSETCATALOG_COMPILER_APPICON_NAME = AppIcon;
				ASSETCATALOG_COMPILER_GLOBAL_ACCENT_COLOR_NAME = AccentColor;
				CODE_SIGN_STYLE = Automatic;
				CURRENT_PROJECT_VERSION = 1;
				DEVELOPMENT_TEAM = 8V47RUXQSV;
				GENERATE_INFOPLIST_FILE = YES;
				INFOPLIST_FILE = prueba/Info.plist;
				INFOPLIST_KEY_UIApplicationSupportsIndirectInputEvents = YES;
				INFOPLIST_KEY_UILaunchStoryboardName = LaunchScreen;
				INFOPLIST_KEY_UIMainStoryboardFile = Main;
				INFOPLIST_KEY_UISupportedInterfaceOrientations_iPad = "UIInterfaceOrientationPortrait UIInterfaceOrientationPortraitUpsideDown UIInterfaceOrientationLandscapeLeft UIInterfaceOrientationLandscapeRight";
				INFOPLIST_KEY_UISupportedInterfaceOrientations_iPhone = "UIInterfaceOrientationPortrait UIInterfaceOrientationLandscapeLeft UIInterfaceOrientationLandscapeRight";
				LD_RUNPATH_SEARCH_PATHS = (
					"$(inherited)",
					"@executable_path/Frameworks",
				);
				MARKETING_VERSION = 1.0;
				PRODUCT_BUNDLE_IDENTIFIER = com.rtovarta.prueba;
				PRODUCT_NAME = "$(TARGET_NAME)";
				SWIFT_EMIT_LOC_STRINGS = YES;
				SWIFT_VERSION = 5.0;
				TARGETED_DEVICE_FAMILY = "1,2";
			};
			name = Release;
		};
		27A7370A2B0421B5001100D6 /* Debug */ = {
			isa = XCBuildConfiguration;
			buildSettings = {
				ALWAYS_EMBED_SWIFT_STANDARD_LIBRARIES = YES;
				BUNDLE_LOADER = "$(TEST_HOST)";
				CODE_SIGN_STYLE = Automatic;
				CURRENT_PROJECT_VERSION = 1;
				DEVELOPMENT_TEAM = 8V47RUXQSV;
				GENERATE_INFOPLIST_FILE = YES;
				IPHONEOS_DEPLOYMENT_TARGET = 17.0;
				MARKETING_VERSION = 1.0;
				PRODUCT_BUNDLE_IDENTIFIER = com.rtovarta.pruebaTests;
				PRODUCT_NAME = "$(TARGET_NAME)";
				SWIFT_EMIT_LOC_STRINGS = NO;
				SWIFT_VERSION = 5.0;
				TARGETED_DEVICE_FAMILY = "1,2";
				TEST_HOST = "$(BUILT_PRODUCTS_DIR)/prueba.app/$(BUNDLE_EXECUTABLE_FOLDER_PATH)/prueba";
			};
			name = Debug;
		};
		27A7370B2B0421B5001100D6 /* Release */ = {
			isa = XCBuildConfiguration;
			buildSettings = {
				ALWAYS_EMBED_SWIFT_STANDARD_LIBRARIES = YES;
				BUNDLE_LOADER = "$(TEST_HOST)";
				CODE_SIGN_STYLE = Automatic;
				CURRENT_PROJECT_VERSION = 1;
				DEVELOPMENT_TEAM = 8V47RUXQSV;
				GENERATE_INFOPLIST_FILE = YES;
				IPHONEOS_DEPLOYMENT_TARGET = 17.0;
				MARKETING_VERSION = 1.0;
				PRODUCT_BUNDLE_IDENTIFIER = com.rtovarta.pruebaTests;
				PRODUCT_NAME = "$(TARGET_NAME)";
				SWIFT_EMIT_LOC_STRINGS = NO;
				SWIFT_VERSION = 5.0;
				TARGETED_DEVICE_FAMILY = "1,2";
				TEST_HOST = "$(BUILT_PRODUCTS_DIR)/prueba.app/$(BUNDLE_EXECUTABLE_FOLDER_PATH)/prueba";
			};
			name = Release;
		};
		27A7370D2B0421B5001100D6 /* Debug */ = {
			isa = XCBuildConfiguration;
			buildSettings = {
				ALWAYS_EMBED_SWIFT_STANDARD_LIBRARIES = YES;
				CODE_SIGN_STYLE = Automatic;
				CURRENT_PROJECT_VERSION = 1;
				DEVELOPMENT_TEAM = 8V47RUXQSV;
				GENERATE_INFOPLIST_FILE = YES;
				MARKETING_VERSION = 1.0;
				PRODUCT_BUNDLE_IDENTIFIER = com.rtovarta.pruebaUITests;
				PRODUCT_NAME = "$(TARGET_NAME)";
				SWIFT_EMIT_LOC_STRINGS = NO;
				SWIFT_VERSION = 5.0;
				TARGETED_DEVICE_FAMILY = "1,2";
				TEST_TARGET_NAME = prueba;
			};
			name = Debug;
		};
		27A7370E2B0421B5001100D6 /* Release */ = {
			isa = XCBuildConfiguration;
			buildSettings = {
				ALWAYS_EMBED_SWIFT_STANDARD_LIBRARIES = YES;
				CODE_SIGN_STYLE = Automatic;
				CURRENT_PROJECT_VERSION = 1;
				DEVELOPMENT_TEAM = 8V47RUXQSV;
				GENERATE_INFOPLIST_FILE = YES;
				MARKETING_VERSION = 1.0;
				PRODUCT_BUNDLE_IDENTIFIER = com.rtovarta.pruebaUITests;
				PRODUCT_NAME = "$(TARGET_NAME)";
				SWIFT_EMIT_LOC_STRINGS = NO;
				SWIFT_VERSION = 5.0;
				TARGETED_DEVICE_FAMILY = "1,2";
				TEST_TARGET_NAME = prueba;
			};
			name = Release;
		};
/* End XCBuildConfiguration section */

/* Begin XCConfigurationList section */
		27A736D72B0421B4001100D6 /* Build configuration list for PBXProject "prueba" */ = {
			isa = XCConfigurationList;
			buildConfigurations = (
				27A737042B0421B5001100D6 /* Debug */,
				27A737052B0421B5001100D6 /* Release */,
			);
			defaultConfigurationIsVisible = 0;
			defaultConfigurationName = Release;
		};
		27A737062B0421B5001100D6 /* Build configuration list for PBXNativeTarget "prueba" */ = {
			isa = XCConfigurationList;
			buildConfigurations = (
				27A737072B0421B5001100D6 /* Debug */,
				27A737082B0421B5001100D6 /* Release */,
			);
			defaultConfigurationIsVisible = 0;
			defaultConfigurationName = Release;
		};
		27A737092B0421B5001100D6 /* Build configuration list for PBXNativeTarget "pruebaTests" */ = {
			isa = XCConfigurationList;
			buildConfigurations = (
				27A7370A2B0421B5001100D6 /* Debug */,
				27A7370B2B0421B5001100D6 /* Release */,
			);
			defaultConfigurationIsVisible = 0;
			defaultConfigurationName = Release;
		};
		27A7370C2B0421B5001100D6 /* Build configuration list for PBXNativeTarget "pruebaUITests" */ = {
			isa = XCConfigurationList;
			buildConfigurations = (
				27A7370D2B0421B5001100D6 /* Debug */,
				27A7370E2B0421B5001100D6 /* Release */,
			);
			defaultConfigurationIsVisible = 0;
			defaultConfigurationName = Release;
		};
/* End XCConfigurationList section */
	};
	rootObject = 27A736D42B0421B4001100D6 /* Project object */;
}
